PODS:
  - ATSDK-Weex (0.0.1)
  - extobjc (0.0.1)
  - SDWebImage (3.7.5):
    - SDWebImage/Core (= 3.7.5)
  - SDWebImage/Core (3.7.5)
  - SocketRocket (0.4.2)
  - WeexSDK (0.8.0):
    - SocketRocket
  - WXDevtool (0.8.0):
    - WeexSDK

DEPENDENCIES:
  - ATSDK-Weex (= 0.0.1)
  - extobjc
  - SDWebImage (= 3.7.5)
  - SocketRocket (= 0.4.2)
  - WeexSDK (from `sdk/`)
  - WXDevtool (= 0.8.0)

EXTERNAL SOURCES:
  WeexSDK:
    :path: sdk/

SPEC CHECKSUMS:
  ATSDK-Weex: 1b27558f4336d77fb97704d34fc6ad1fd468592c
  extobjc: a55d2f1212ce1cdac4c88bd19594a15c15bab5dc
  SDWebImage: 69c6303e3348fba97e03f65d65d4fbc26740f461
  SocketRocket: ffe08119b00ef982f6c37052a4705a057c8494ad
  WeexSDK: 42aeaf77ead290bc204cfa15d4306d10e43bdad1
  WXDevtool: 7042aa31aaa4e2749f57bf05cecc8cfc66d6a2d9

PODFILE CHECKSUM: 929ef09a722b9c1ee0f87c621990805cddade921

COCOAPODS: 1.1.1
